{
  "version": 4,
  "terraform_version": "1.13.0",
  "serial": 35,
  "lineage": "b5de804a-0971-1f52-8d03-46789c49f173",
  "outputs": {
    "access_url": {
      "value": "http://localhost:8105",
      "type": "string"
    },
    "flag": {
      "value": "FLAG{uDEwRDJtLmTl56RQpgEKfBOfrJV6YOL1}",
      "type": "string",
      "sensitive": true
    }
  },
  "resources": [
    {
      "module": "module.sql_injection_scenario",
      "mode": "managed",
      "type": "docker_container",
      "name": "database",
      "provider": "module.sql_injection_scenario.provider[\"registry.terraform.io/kreuzwerker/docker\"]",
      "instances": [
        {
          "schema_version": 2,
          "attributes": {
            "attach": false,
            "bridge": "",
            "capabilities": [],
            "cgroup_parent": null,
            "cgroupns_mode": null,
            "command": [
              "mysqld"
            ],
            "container_logs": null,
            "container_read_refresh_timeout_milliseconds": 15000,
            "cpu_period": null,
            "cpu_quota": null,
            "cpu_set": "",
            "cpu_shares": 0,
            "cpus": null,
            "destroy_grace_seconds": null,
            "devices": [],
            "dns": [],
            "dns_opts": [],
            "dns_search": [],
            "domainname": "",
            "entrypoint": [
              "docker-entrypoint.sh"
            ],
            "env": [
              "FLAG=FLAG{uDEwRDJtLmTl56RQpgEKfBOfrJV6YOL1}",
              "MYSQL_DATABASE=challenge_db",
              "MYSQL_PASSWORD=webapp_pass",
              "MYSQL_ROOT_PASSWORD=rootpass123",
              "MYSQL_USER=webapp_user"
            ],
            "exit_code": null,
            "gpus": null,
            "group_add": [],
            "healthcheck": [
              {
                "interval": "10s",
                "retries": 5,
                "start_interval": "0s",
                "start_period": "0s",
                "test": [
                  "CMD",
                  "mysqladmin",
                  "ping",
                  "-h",
                  "localhost"
                ],
                "timeout": "5s"
              }
            ],
            "host": [],
            "hostname": "502fd1219186",
            "id": "502fd121918698364d9fdba47e6bd48bb12560dd688872eb627b376c09c169b7",
            "image": "mysql:5.7",
            "init": false,
            "ipc_mode": "private",
            "labels": [
              {
                "label": "student_id",
                "value": "rahul_123"
              }
            ],
            "log_driver": "json-file",
            "log_opts": {},
            "logs": false,
            "max_retry_count": 0,
            "memory": 0,
            "memory_swap": 0,
            "mounts": [],
            "must_run": true,
            "name": "sql-injection-db-rahul_123",
            "network_data": [
              {
                "gateway": "10.100.5.1",
                "global_ipv6_address": "",
                "global_ipv6_prefix_length": 0,
                "ip_address": "10.100.5.11",
                "ip_prefix_length": 24,
                "ipv6_gateway": "",
                "mac_address": "12:00:30:94:e6:4a",
                "network_name": "student-vlan-105"
              }
            ],
            "network_mode": "bridge",
            "networks_advanced": [
              {
                "aliases": [],
                "ipv4_address": "10.100.5.11",
                "ipv6_address": "",
                "name": "student-vlan-105"
              }
            ],
            "pid_mode": "",
            "ports": [],
            "privileged": false,
            "publish_all_ports": false,
            "read_only": false,
            "remove_volumes": true,
            "restart": "unless-stopped",
            "rm": false,
            "runtime": "runc",
            "security_opts": [],
            "shm_size": 64,
            "start": true,
            "stdin_open": false,
            "stop_signal": "",
            "stop_timeout": 0,
            "storage_opts": {},
            "sysctls": {},
            "tmpfs": {},
            "tty": false,
            "ulimit": [],
            "upload": [],
            "user": "",
            "userns_mode": "",
            "volumes": [
              {
                "container_path": "/docker-entrypoint-initdb.d/init.sql",
                "from_container": "",
                "host_path": "/home/pipaldeka/cyber-range-infrastructure/scenarios/sql-injection/database/init.sql",
                "read_only": true,
                "volume_name": ""
              }
            ],
            "wait": false,
            "wait_timeout": 60,
            "working_dir": ""
          },
          "sensitive_attributes": [],
          "identity_schema_version": 0,
          "private": "eyJzY2hlbWFfdmVyc2lvbiI6IjIifQ==",
          "dependencies": [
            "module.sql_injection_scenario.docker_network.scenario_network",
            "module.sql_injection_scenario.random_string.flag"
          ]
        }
      ]
    },
    {
      "module": "module.sql_injection_scenario",
      "mode": "managed",
      "type": "docker_container",
      "name": "webapp",
      "provider": "module.sql_injection_scenario.provider[\"registry.terraform.io/kreuzwerker/docker\"]",
      "instances": [
        {
          "schema_version": 2,
          "attributes": {
            "attach": false,
            "bridge": "",
            "capabilities": [],
            "cgroup_parent": null,
            "cgroupns_mode": null,
            "command": [
              "apache2-foreground"
            ],
            "container_logs": null,
            "container_read_refresh_timeout_milliseconds": 15000,
            "cpu_period": null,
            "cpu_quota": null,
            "cpu_set": "",
            "cpu_shares": 0,
            "cpus": null,
            "destroy_grace_seconds": null,
            "devices": [],
            "dns": null,
            "dns_opts": null,
            "dns_search": null,
            "domainname": "",
            "entrypoint": [
              "docker-php-entrypoint"
            ],
            "env": [
              "DB_HOST=10.100.5.11",
              "DB_NAME=challenge_db",
              "DB_PASS=webapp_pass",
              "DB_USER=webapp_user",
              "FLAG=FLAG{uDEwRDJtLmTl56RQpgEKfBOfrJV6YOL1}",
              "STUDENT_ID=rahul_123"
            ],
            "exit_code": null,
            "gpus": null,
            "group_add": null,
            "healthcheck": [
              {
                "interval": "30s",
                "retries": 3,
                "start_interval": "0s",
                "start_period": "0s",
                "test": [
                  "CMD-SHELL",
                  "curl -f http://localhost/ || exit 1"
                ],
                "timeout": "3s"
              }
            ],
            "host": [],
            "hostname": "64326dc62d96",
            "id": "64326dc62d961cfdc2e8e9ffb6f0bd67f6ae2cf813c1481343785d48037069d4",
            "image": "sha256:51f53ad257aa8d882b9b1387cb5b753cc921173444bbef11a481ad914afcdcca",
            "init": false,
            "ipc_mode": "private",
            "labels": [
              {
                "label": "expires_at",
                "value": "2025-12-26T19:10:58Z"
              },
              {
                "label": "scenario",
                "value": "sql-injection"
              },
              {
                "label": "student_id",
                "value": "rahul_123"
              }
            ],
            "log_driver": "json-file",
            "log_opts": null,
            "logs": false,
            "max_retry_count": 0,
            "memory": 0,
            "memory_swap": 0,
            "mounts": [],
            "must_run": true,
            "name": "sql-injection-webapp-rahul_123",
            "network_data": [
              {
                "gateway": "10.100.5.1",
                "global_ipv6_address": "",
                "global_ipv6_prefix_length": 0,
                "ip_address": "10.100.5.10",
                "ip_prefix_length": 24,
                "ipv6_gateway": "",
                "mac_address": "f2:af:d0:2b:3c:b4",
                "network_name": "student-vlan-105"
              }
            ],
            "network_mode": "bridge",
            "networks_advanced": [
              {
                "aliases": [],
                "ipv4_address": "10.100.5.10",
                "ipv6_address": "",
                "name": "student-vlan-105"
              }
            ],
            "pid_mode": "",
            "ports": [
              {
                "external": 8105,
                "internal": 80,
                "ip": "0.0.0.0",
                "protocol": "tcp"
              }
            ],
            "privileged": false,
            "publish_all_ports": false,
            "read_only": false,
            "remove_volumes": true,
            "restart": "unless-stopped",
            "rm": false,
            "runtime": "runc",
            "security_opts": [],
            "shm_size": 64,
            "start": true,
            "stdin_open": false,
            "stop_signal": "SIGWINCH",
            "stop_timeout": 0,
            "storage_opts": null,
            "sysctls": null,
            "tmpfs": null,
            "tty": false,
            "ulimit": [],
            "upload": [],
            "user": "",
            "userns_mode": "",
            "volumes": [],
            "wait": false,
            "wait_timeout": 60,
            "working_dir": "/var/www/html"
          },
          "sensitive_attributes": [],
          "identity_schema_version": 0,
          "private": "eyJzY2hlbWFfdmVyc2lvbiI6IjIifQ==",
          "dependencies": [
            "module.sql_injection_scenario.docker_image.webapp",
            "module.sql_injection_scenario.docker_network.scenario_network",
            "module.sql_injection_scenario.random_string.flag"
          ]
        }
      ]
    },
    {
      "module": "module.sql_injection_scenario",
      "mode": "managed",
      "type": "docker_image",
      "name": "webapp",
      "provider": "module.sql_injection_scenario.provider[\"registry.terraform.io/kreuzwerker/docker\"]",
      "instances": [
        {
          "schema_version": 0,
          "attributes": {
            "build": [
              {
                "auth_config": [],
                "build_args": {
                  "FLAG": "FLAG{uDEwRDJtLmTl56RQpgEKfBOfrJV6YOL1}",
                  "STUDENT_ID": "rahul_123"
                },
                "build_id": "",
                "build_log_file": "",
                "builder": "",
                "cache_from": [],
                "cgroup_parent": "",
                "context": "/home/pipaldeka/cyber-range-infrastructure/scenarios/sql-injection",
                "cpu_period": 0,
                "cpu_quota": 0,
                "cpu_set_cpus": "",
                "cpu_set_mems": "",
                "cpu_shares": 0,
                "dockerfile": "Dockerfile",
                "extra_hosts": [],
                "force_remove": false,
                "isolation": "",
                "label": {},
                "labels": {},
                "memory": 0,
                "memory_swap": 0,
                "network_mode": "",
                "no_cache": false,
                "platform": "",
                "pull_parent": false,
                "remote_context": "",
                "remove": true,
                "secrets": [],
                "security_opt": [],
                "session_id": "",
                "shm_size": 0,
                "squash": false,
                "suppress_output": false,
                "tag": [
                  "sql-injection-webapp:rahul_123"
                ],
                "target": "",
                "ulimit": [],
                "version": ""
              }
            ],
            "force_remove": null,
            "id": "sha256:51f53ad257aa8d882b9b1387cb5b753cc921173444bbef11a481ad914afcdccasql-injection-webapp:rahul_123",
            "image_id": "sha256:51f53ad257aa8d882b9b1387cb5b753cc921173444bbef11a481ad914afcdcca",
            "keep_locally": false,
            "name": "sql-injection-webapp:rahul_123",
            "platform": null,
            "pull_triggers": null,
            "repo_digest": "sql-injection-webapp@sha256:51f53ad257aa8d882b9b1387cb5b753cc921173444bbef11a481ad914afcdcca",
            "timeouts": null,
            "triggers": null
          },
          "sensitive_attributes": [],
          "identity_schema_version": 0,
          "private": "eyJlMmJmYjczMC1lY2FhLTExZTYtOGY4OC0zNDM2M2JjN2M0YzAiOnsiY3JlYXRlIjoxMjAwMDAwMDAwMDAwLCJkZWxldGUiOjEyMDAwMDAwMDAwMDAsInVwZGF0ZSI6MTIwMDAwMDAwMDAwMH19",
          "dependencies": [
            "module.sql_injection_scenario.random_string.flag"
          ]
        }
      ]
    },
    {
      "module": "module.sql_injection_scenario",
      "mode": "managed",
      "type": "docker_network",
      "name": "scenario_network",
      "provider": "module.sql_injection_scenario.provider[\"registry.terraform.io/kreuzwerker/docker\"]",
      "instances": [
        {
          "schema_version": 1,
          "attributes": {
            "attachable": false,
            "check_duplicate": null,
            "driver": "bridge",
            "id": "ee0b26fa562e7f893dccad9828455f989f61e12c7603ba49d425a17337d43542",
            "ingress": false,
            "internal": false,
            "ipam_config": [
              {
                "aux_address": {},
                "gateway": "10.100.5.1",
                "ip_range": "",
                "subnet": "10.100.5.0/24"
              }
            ],
            "ipam_driver": "default",
            "ipam_options": {},
            "ipv6": false,
            "labels": [
              {
                "label": "scenario",
                "value": "sql-injection"
              },
              {
                "label": "student_id",
                "value": "rahul_123"
              },
              {
                "label": "vlan_id",
                "value": "105"
              }
            ],
            "name": "student-vlan-105",
            "options": {},
            "scope": "local"
          },
          "sensitive_attributes": [],
          "identity_schema_version": 0,
          "private": "eyJzY2hlbWFfdmVyc2lvbiI6IjEifQ=="
        }
      ]
    },
    {
      "module": "module.sql_injection_scenario",
      "mode": "managed",
      "type": "null_resource",
      "name": "run_ansible",
      "provider": "provider[\"registry.terraform.io/hashicorp/null\"]",
      "instances": [
        {
          "status": "tainted",
          "schema_version": 0,
          "attributes": {
            "id": "4313137732270378790",
            "triggers": {
              "student_id": "rahul_123",
              "timestamp": "2025-12-26T15:10:59Z"
            }
          },
          "sensitive_attributes": [],
          "identity_schema_version": 0,
          "dependencies": [
            "module.sql_injection_scenario.docker_container.database",
            "module.sql_injection_scenario.docker_container.webapp",
            "module.sql_injection_scenario.docker_image.webapp",
            "module.sql_injection_scenario.docker_network.scenario_network",
            "module.sql_injection_scenario.random_string.flag",
            "module.sql_injection_scenario.time_sleep.wait_for_containers"
          ]
        }
      ]
    },
    {
      "module": "module.sql_injection_scenario",
      "mode": "managed",
      "type": "random_string",
      "name": "flag",
      "provider": "provider[\"registry.terraform.io/hashicorp/random\"]",
      "instances": [
        {
          "schema_version": 2,
          "attributes": {
            "id": "uDEwRDJtLmTl56RQpgEKfBOfrJV6YOL1",
            "keepers": null,
            "length": 32,
            "lower": true,
            "min_lower": 0,
            "min_numeric": 0,
            "min_special": 0,
            "min_upper": 0,
            "number": true,
            "numeric": true,
            "override_special": null,
            "result": "uDEwRDJtLmTl56RQpgEKfBOfrJV6YOL1",
            "special": false,
            "upper": true
          },
          "sensitive_attributes": [],
          "identity_schema_version": 0
        }
      ]
    },
    {
      "module": "module.sql_injection_scenario",
      "mode": "managed",
      "type": "time_sleep",
      "name": "wait_for_containers",
      "provider": "provider[\"registry.terraform.io/hashicorp/time\"]",
      "instances": [
        {
          "schema_version": 0,
          "attributes": {
            "create_duration": "30s",
            "destroy_duration": null,
            "id": "2025-12-26T14:38:40Z",
            "triggers": null
          },
          "sensitive_attributes": [],
          "identity_schema_version": 0,
          "dependencies": [
            "module.sql_injection_scenario.docker_container.database",
            "module.sql_injection_scenario.docker_container.webapp",
            "module.sql_injection_scenario.docker_image.webapp",
            "module.sql_injection_scenario.docker_network.scenario_network",
            "module.sql_injection_scenario.random_string.flag"
          ]
        }
      ]
    }
  ],
  "check_results": [
    {
      "object_kind": "var",
      "config_addr": "module.sql_injection_scenario.var.vlan_id",
      "status": "pass",
      "objects": [
        {
          "object_addr": "module.sql_injection_scenario.var.vlan_id",
          "status": "pass"
        }
      ]
    }
  ]
}
