{
  "version": 4,
  "terraform_version": "1.13.0",
  "serial": 5,
  "lineage": "f22de17f-e703-58a9-b78e-6a1217c89475",
  "outputs": {},
  "resources": [
    {
      "module": "module.corporate_breach",
      "mode": "managed",
      "type": "docker_container",
      "name": "database",
      "provider": "module.corporate_breach.provider[\"registry.terraform.io/kreuzwerker/docker\"]",
      "instances": [
        {
          "schema_version": 2,
          "attributes": {
            "attach": false,
            "bridge": "",
            "capabilities": [],
            "cgroup_parent": null,
            "cgroupns_mode": null,
            "command": [
              "mysqld"
            ],
            "container_logs": null,
            "container_read_refresh_timeout_milliseconds": 15000,
            "cpu_period": null,
            "cpu_quota": null,
            "cpu_set": "",
            "cpu_shares": 0,
            "cpus": null,
            "destroy_grace_seconds": null,
            "devices": [],
            "dns": null,
            "dns_opts": null,
            "dns_search": null,
            "domainname": "",
            "entrypoint": [
              "docker-entrypoint.sh"
            ],
            "env": [
              "FLAG=FLAG{fOWaR63HIS0xniF7Drc7cB7E8Nh24iyk}",
              "MYSQL_DATABASE=challenge_db",
              "MYSQL_PASSWORD=webapp_pass",
              "MYSQL_ROOT_PASSWORD=rootpass123",
              "MYSQL_USER=webapp_user"
            ],
            "exit_code": null,
            "gpus": null,
            "group_add": null,
            "healthcheck": [
              {
                "interval": "10s",
                "retries": 5,
                "start_interval": "0s",
                "start_period": "0s",
                "test": [
                  "CMD",
                  "mysqladmin",
                  "ping",
                  "-h",
                  "localhost"
                ],
                "timeout": "5s"
              }
            ],
            "host": [],
            "hostname": "1a891c54d0a9",
            "id": "1a891c54d0a9ebbdf5c338b129b4a45e8197707581c6d1ea2172d99861857785",
            "image": "mysql:5.7",
            "init": false,
            "ipc_mode": "private",
            "labels": [
              {
                "label": "student_id",
                "value": "rahul"
              }
            ],
            "log_driver": "json-file",
            "log_opts": null,
            "logs": false,
            "max_retry_count": 0,
            "memory": 0,
            "memory_swap": 0,
            "mounts": [],
            "must_run": true,
            "name": "corporate-breach-db-rahul",
            "network_data": [
              {
                "gateway": "10.100.5.1",
                "global_ipv6_address": "",
                "global_ipv6_prefix_length": 0,
                "ip_address": "10.100.5.11",
                "ip_prefix_length": 24,
                "ipv6_gateway": "",
                "mac_address": "66:a9:e6:87:24:f9",
                "network_name": "student-vlan-105"
              }
            ],
            "network_mode": "bridge",
            "networks_advanced": [
              {
                "aliases": [],
                "ipv4_address": "10.100.5.11",
                "ipv6_address": "",
                "name": "student-vlan-105"
              }
            ],
            "pid_mode": "",
            "ports": [],
            "privileged": false,
            "publish_all_ports": false,
            "read_only": false,
            "remove_volumes": true,
            "restart": "unless-stopped",
            "rm": false,
            "runtime": "runc",
            "security_opts": [],
            "shm_size": 64,
            "start": true,
            "stdin_open": false,
            "stop_signal": "",
            "stop_timeout": 0,
            "storage_opts": null,
            "sysctls": null,
            "tmpfs": null,
            "tty": false,
            "ulimit": [],
            "upload": [],
            "user": "",
            "userns_mode": "",
            "volumes": [
              {
                "container_path": "/docker-entrypoint-initdb.d/init.sql",
                "from_container": "",
                "host_path": "/home/pipaldeka/cyber-range-infrastructure/scenarios/corporate-breach/database/init.sql",
                "read_only": true,
                "volume_name": ""
              }
            ],
            "wait": false,
            "wait_timeout": 60,
            "working_dir": ""
          },
          "sensitive_attributes": [],
          "identity_schema_version": 0,
          "private": "eyJzY2hlbWFfdmVyc2lvbiI6IjIifQ==",
          "dependencies": [
            "module.corporate_breach.docker_network.scenario_network",
            "module.corporate_breach.random_string.flag"
          ]
        }
      ]
    },
    {
      "module": "module.corporate_breach",
      "mode": "managed",
      "type": "docker_network",
      "name": "scenario_network",
      "provider": "module.corporate_breach.provider[\"registry.terraform.io/kreuzwerker/docker\"]",
      "instances": [
        {
          "schema_version": 1,
          "attributes": {
            "attachable": false,
            "check_duplicate": null,
            "driver": "bridge",
            "id": "6c298014b0249c4915a0fc4a11ac4043a057f28c8a84f95fcc7bcfc5a36a62f9",
            "ingress": false,
            "internal": false,
            "ipam_config": [
              {
                "aux_address": null,
                "gateway": "10.100.5.1",
                "ip_range": "",
                "subnet": "10.100.5.0/24"
              }
            ],
            "ipam_driver": "default",
            "ipam_options": null,
            "ipv6": false,
            "labels": [
              {
                "label": "scenario",
                "value": "corporate-breach"
              },
              {
                "label": "student_id",
                "value": "rahul"
              },
              {
                "label": "vlan_id",
                "value": "105"
              }
            ],
            "name": "student-vlan-105",
            "options": {},
            "scope": "local"
          },
          "sensitive_attributes": [],
          "identity_schema_version": 0,
          "private": "eyJzY2hlbWFfdmVyc2lvbiI6IjEifQ=="
        }
      ]
    },
    {
      "module": "module.corporate_breach",
      "mode": "managed",
      "type": "random_string",
      "name": "flag",
      "provider": "provider[\"registry.terraform.io/hashicorp/random\"]",
      "instances": [
        {
          "schema_version": 2,
          "attributes": {
            "id": "fOWaR63HIS0xniF7Drc7cB7E8Nh24iyk",
            "keepers": null,
            "length": 32,
            "lower": true,
            "min_lower": 0,
            "min_numeric": 0,
            "min_special": 0,
            "min_upper": 0,
            "number": true,
            "numeric": true,
            "override_special": null,
            "result": "fOWaR63HIS0xniF7Drc7cB7E8Nh24iyk",
            "special": false,
            "upper": true
          },
          "sensitive_attributes": [],
          "identity_schema_version": 0
        }
      ]
    }
  ],
  "check_results": [
    {
      "object_kind": "var",
      "config_addr": "module.corporate_breach.var.vlan_id",
      "status": "pass",
      "objects": [
        {
          "object_addr": "module.corporate_breach.var.vlan_id",
          "status": "pass"
        }
      ]
    }
  ]
}
