{
  "version": 4,
  "terraform_version": "1.13.0",
  "serial": 10,
  "lineage": "f22de17f-e703-58a9-b78e-6a1217c89475",
  "outputs": {},
  "resources": [
    {
      "module": "module.corporate_breach",
      "mode": "managed",
      "type": "docker_container",
      "name": "database",
      "provider": "module.corporate_breach.provider[\"registry.terraform.io/kreuzwerker/docker\"]",
      "instances": [
        {
          "schema_version": 2,
          "attributes": {
            "attach": false,
            "bridge": "",
            "capabilities": [],
            "cgroup_parent": null,
            "cgroupns_mode": null,
            "command": [
              "mysqld"
            ],
            "container_logs": null,
            "container_read_refresh_timeout_milliseconds": 15000,
            "cpu_period": null,
            "cpu_quota": null,
            "cpu_set": "",
            "cpu_shares": 0,
            "cpus": null,
            "destroy_grace_seconds": null,
            "devices": [],
            "dns": [],
            "dns_opts": [],
            "dns_search": [],
            "domainname": "",
            "entrypoint": [
              "docker-entrypoint.sh"
            ],
            "env": [
              "FLAG=FLAG{fOWaR63HIS0xniF7Drc7cB7E8Nh24iyk}",
              "MYSQL_DATABASE=challenge_db",
              "MYSQL_PASSWORD=webapp_pass",
              "MYSQL_ROOT_PASSWORD=rootpass123",
              "MYSQL_USER=webapp_user"
            ],
            "exit_code": null,
            "gpus": null,
            "group_add": [],
            "healthcheck": [
              {
                "interval": "10s",
                "retries": 5,
                "start_interval": "0s",
                "start_period": "0s",
                "test": [
                  "CMD",
                  "mysqladmin",
                  "ping",
                  "-h",
                  "localhost"
                ],
                "timeout": "5s"
              }
            ],
            "host": [],
            "hostname": "1a891c54d0a9",
            "id": "1a891c54d0a9ebbdf5c338b129b4a45e8197707581c6d1ea2172d99861857785",
            "image": "mysql:5.7",
            "init": false,
            "ipc_mode": "private",
            "labels": [
              {
                "label": "student_id",
                "value": "rahul"
              }
            ],
            "log_driver": "json-file",
            "log_opts": {},
            "logs": false,
            "max_retry_count": 0,
            "memory": 0,
            "memory_swap": 0,
            "mounts": [],
            "must_run": true,
            "name": "corporate-breach-db-rahul",
            "network_data": [
              {
                "gateway": "10.100.5.1",
                "global_ipv6_address": "",
                "global_ipv6_prefix_length": 0,
                "ip_address": "10.100.5.11",
                "ip_prefix_length": 24,
                "ipv6_gateway": "",
                "mac_address": "66:a9:e6:87:24:f9",
                "network_name": "student-vlan-105"
              }
            ],
            "network_mode": "bridge",
            "networks_advanced": [
              {
                "aliases": [],
                "ipv4_address": "10.100.5.11",
                "ipv6_address": "",
                "name": "student-vlan-105"
              }
            ],
            "pid_mode": "",
            "ports": [],
            "privileged": false,
            "publish_all_ports": false,
            "read_only": false,
            "remove_volumes": true,
            "restart": "unless-stopped",
            "rm": false,
            "runtime": "runc",
            "security_opts": [],
            "shm_size": 64,
            "start": true,
            "stdin_open": false,
            "stop_signal": "",
            "stop_timeout": 0,
            "storage_opts": {},
            "sysctls": {},
            "tmpfs": {},
            "tty": false,
            "ulimit": [],
            "upload": [],
            "user": "",
            "userns_mode": "",
            "volumes": [
              {
                "container_path": "/docker-entrypoint-initdb.d/init.sql",
                "from_container": "",
                "host_path": "/home/pipaldeka/cyber-range-infrastructure/scenarios/corporate-breach/database/init.sql",
                "read_only": true,
                "volume_name": ""
              }
            ],
            "wait": false,
            "wait_timeout": 60,
            "working_dir": ""
          },
          "sensitive_attributes": [],
          "identity_schema_version": 0,
          "private": "eyJzY2hlbWFfdmVyc2lvbiI6IjIifQ==",
          "dependencies": [
            "module.corporate_breach.docker_network.scenario_network",
            "module.corporate_breach.random_string.flag"
          ]
        }
      ]
    },
    {
      "module": "module.corporate_breach",
      "mode": "managed",
      "type": "docker_container",
      "name": "webapp",
      "provider": "module.corporate_breach.provider[\"registry.terraform.io/kreuzwerker/docker\"]",
      "instances": [
        {
          "schema_version": 2,
          "attributes": {
            "attach": false,
            "bridge": "",
            "capabilities": [],
            "cgroup_parent": null,
            "cgroupns_mode": null,
            "command": [
              "/usr/local/bin/start.sh"
            ],
            "container_logs": null,
            "container_read_refresh_timeout_milliseconds": 15000,
            "cpu_period": null,
            "cpu_quota": null,
            "cpu_set": "",
            "cpu_shares": 0,
            "cpus": null,
            "destroy_grace_seconds": null,
            "devices": [],
            "dns": null,
            "dns_opts": null,
            "dns_search": null,
            "domainname": "",
            "entrypoint": [],
            "env": [
              "DB_HOST=10.100.5.11",
              "DB_NAME=challenge_db",
              "DB_PASS=webapp_pass",
              "DB_USER=webapp_user",
              "FLAG=FLAG{fOWaR63HIS0xniF7Drc7cB7E8Nh24iyk}",
              "STUDENT_ID=rahul"
            ],
            "exit_code": null,
            "gpus": null,
            "group_add": null,
            "healthcheck": null,
            "host": [],
            "hostname": "eb4932f70fa5",
            "id": "eb4932f70fa5f41a518750ded3e26e64ffd5bf1f5bad915ed165bbe8a7a607f0",
            "image": "sha256:c93a183af96f0c7f801d341161ea14ed313353d87749a5d67c8ed29be07e2035",
            "init": false,
            "ipc_mode": "private",
            "labels": [
              {
                "label": "expires_at",
                "value": "2025-12-27T04:34:09Z"
              },
              {
                "label": "scenario",
                "value": "corporate-breach"
              },
              {
                "label": "student_id",
                "value": "rahul"
              }
            ],
            "log_driver": "json-file",
            "log_opts": null,
            "logs": false,
            "max_retry_count": 0,
            "memory": 0,
            "memory_swap": 0,
            "mounts": [],
            "must_run": true,
            "name": "corporate-breach-webapp-rahul",
            "network_data": [
              {
                "gateway": "10.100.5.1",
                "global_ipv6_address": "",
                "global_ipv6_prefix_length": 0,
                "ip_address": "10.100.5.10",
                "ip_prefix_length": 24,
                "ipv6_gateway": "",
                "mac_address": "b6:35:d5:09:78:ae",
                "network_name": "student-vlan-105"
              }
            ],
            "network_mode": "bridge",
            "networks_advanced": [
              {
                "aliases": [],
                "ipv4_address": "10.100.5.10",
                "ipv6_address": "",
                "name": "student-vlan-105"
              }
            ],
            "pid_mode": "",
            "ports": [
              {
                "external": 8105,
                "internal": 80,
                "ip": "0.0.0.0",
                "protocol": "tcp"
              }
            ],
            "privileged": false,
            "publish_all_ports": false,
            "read_only": false,
            "remove_volumes": true,
            "restart": "unless-stopped",
            "rm": false,
            "runtime": "runc",
            "security_opts": [],
            "shm_size": 64,
            "start": true,
            "stdin_open": false,
            "stop_signal": "",
            "stop_timeout": 0,
            "storage_opts": null,
            "sysctls": null,
            "tmpfs": null,
            "tty": false,
            "ulimit": [],
            "upload": [],
            "user": "",
            "userns_mode": "",
            "volumes": [],
            "wait": false,
            "wait_timeout": 60,
            "working_dir": ""
          },
          "sensitive_attributes": [],
          "identity_schema_version": 0,
          "private": "eyJzY2hlbWFfdmVyc2lvbiI6IjIifQ==",
          "dependencies": [
            "module.corporate_breach.docker_image.webapp",
            "module.corporate_breach.docker_network.scenario_network",
            "module.corporate_breach.random_string.flag"
          ]
        }
      ]
    },
    {
      "module": "module.corporate_breach",
      "mode": "managed",
      "type": "docker_image",
      "name": "webapp",
      "provider": "module.corporate_breach.provider[\"registry.terraform.io/kreuzwerker/docker\"]",
      "instances": [
        {
          "schema_version": 0,
          "attributes": {
            "build": [
              {
                "auth_config": [],
                "build_args": {
                  "FLAG": "FLAG{fOWaR63HIS0xniF7Drc7cB7E8Nh24iyk}",
                  "STUDENT_ID": "rahul"
                },
                "build_id": "",
                "build_log_file": "",
                "builder": "",
                "cache_from": [],
                "cgroup_parent": "",
                "context": "/home/pipaldeka/cyber-range-infrastructure/scenarios/corporate-breach",
                "cpu_period": null,
                "cpu_quota": null,
                "cpu_set_cpus": "",
                "cpu_set_mems": "",
                "cpu_shares": null,
                "dockerfile": "Dockerfile",
                "extra_hosts": [],
                "force_remove": null,
                "isolation": "",
                "label": null,
                "labels": null,
                "memory": null,
                "memory_swap": null,
                "network_mode": "",
                "no_cache": null,
                "platform": "",
                "pull_parent": null,
                "remote_context": "",
                "remove": true,
                "secrets": [],
                "security_opt": [],
                "session_id": "",
                "shm_size": null,
                "squash": null,
                "suppress_output": null,
                "tag": [
                  "corporate-breach-webapp:rahul"
                ],
                "target": "",
                "ulimit": [],
                "version": ""
              }
            ],
            "force_remove": null,
            "id": "sha256:c93a183af96f0c7f801d341161ea14ed313353d87749a5d67c8ed29be07e2035corporate-breach-webapp:rahul",
            "image_id": "sha256:c93a183af96f0c7f801d341161ea14ed313353d87749a5d67c8ed29be07e2035",
            "keep_locally": false,
            "name": "corporate-breach-webapp:rahul",
            "platform": null,
            "pull_triggers": null,
            "repo_digest": "corporate-breach-webapp@sha256:c93a183af96f0c7f801d341161ea14ed313353d87749a5d67c8ed29be07e2035",
            "timeouts": null,
            "triggers": null
          },
          "sensitive_attributes": [],
          "identity_schema_version": 0,
          "private": "eyJlMmJmYjczMC1lY2FhLTExZTYtOGY4OC0zNDM2M2JjN2M0YzAiOnsiY3JlYXRlIjoxMjAwMDAwMDAwMDAwLCJkZWxldGUiOjEyMDAwMDAwMDAwMDAsInVwZGF0ZSI6MTIwMDAwMDAwMDAwMH19",
          "dependencies": [
            "module.corporate_breach.random_string.flag"
          ]
        }
      ]
    },
    {
      "module": "module.corporate_breach",
      "mode": "managed",
      "type": "docker_network",
      "name": "scenario_network",
      "provider": "module.corporate_breach.provider[\"registry.terraform.io/kreuzwerker/docker\"]",
      "instances": [
        {
          "schema_version": 1,
          "attributes": {
            "attachable": false,
            "check_duplicate": null,
            "driver": "bridge",
            "id": "6c298014b0249c4915a0fc4a11ac4043a057f28c8a84f95fcc7bcfc5a36a62f9",
            "ingress": false,
            "internal": false,
            "ipam_config": [
              {
                "aux_address": {},
                "gateway": "10.100.5.1",
                "ip_range": "",
                "subnet": "10.100.5.0/24"
              }
            ],
            "ipam_driver": "default",
            "ipam_options": {},
            "ipv6": false,
            "labels": [
              {
                "label": "scenario",
                "value": "corporate-breach"
              },
              {
                "label": "student_id",
                "value": "rahul"
              },
              {
                "label": "vlan_id",
                "value": "105"
              }
            ],
            "name": "student-vlan-105",
            "options": {},
            "scope": "local"
          },
          "sensitive_attributes": [],
          "identity_schema_version": 0,
          "private": "eyJzY2hlbWFfdmVyc2lvbiI6IjEifQ=="
        }
      ]
    },
    {
      "module": "module.corporate_breach",
      "mode": "managed",
      "type": "null_resource",
      "name": "run_ansible",
      "provider": "provider[\"registry.terraform.io/hashicorp/null\"]",
      "instances": [
        {
          "status": "tainted",
          "schema_version": 0,
          "attributes": {
            "id": "6594047655698072037",
            "triggers": {
              "student_id": "rahul",
              "timestamp": "2025-12-26T22:34:40Z"
            }
          },
          "sensitive_attributes": [],
          "identity_schema_version": 0,
          "dependencies": [
            "module.corporate_breach.docker_container.database",
            "module.corporate_breach.docker_container.webapp",
            "module.corporate_breach.docker_image.webapp",
            "module.corporate_breach.docker_network.scenario_network",
            "module.corporate_breach.random_string.flag",
            "module.corporate_breach.time_sleep.wait_for_containers"
          ]
        }
      ]
    },
    {
      "module": "module.corporate_breach",
      "mode": "managed",
      "type": "random_string",
      "name": "flag",
      "provider": "provider[\"registry.terraform.io/hashicorp/random\"]",
      "instances": [
        {
          "schema_version": 2,
          "attributes": {
            "id": "fOWaR63HIS0xniF7Drc7cB7E8Nh24iyk",
            "keepers": null,
            "length": 32,
            "lower": true,
            "min_lower": 0,
            "min_numeric": 0,
            "min_special": 0,
            "min_upper": 0,
            "number": true,
            "numeric": true,
            "override_special": null,
            "result": "fOWaR63HIS0xniF7Drc7cB7E8Nh24iyk",
            "special": false,
            "upper": true
          },
          "sensitive_attributes": [],
          "identity_schema_version": 0
        }
      ]
    },
    {
      "module": "module.corporate_breach",
      "mode": "managed",
      "type": "time_sleep",
      "name": "wait_for_containers",
      "provider": "provider[\"registry.terraform.io/hashicorp/time\"]",
      "instances": [
        {
          "schema_version": 0,
          "attributes": {
            "create_duration": "30s",
            "destroy_duration": null,
            "id": "2025-12-26T22:34:40Z",
            "triggers": null
          },
          "sensitive_attributes": [],
          "identity_schema_version": 0,
          "dependencies": [
            "module.corporate_breach.docker_container.database",
            "module.corporate_breach.docker_container.webapp",
            "module.corporate_breach.docker_image.webapp",
            "module.corporate_breach.docker_network.scenario_network",
            "module.corporate_breach.random_string.flag"
          ]
        }
      ]
    }
  ],
  "check_results": [
    {
      "object_kind": "var",
      "config_addr": "module.corporate_breach.var.vlan_id",
      "status": "pass",
      "objects": [
        {
          "object_addr": "module.corporate_breach.var.vlan_id",
          "status": "pass"
        }
      ]
    }
  ]
}
